
Microsoft Visual Studio Solution File, Format Version 12.00
# Visual Studio Version 16
VisualStudioVersion = 16.0.31515.178
MinimumVisualStudioVersion = 10.0.40219.1
Project("{FAE04EC0-301F-11D3-BF4B-00C04F79EFBC}") = "JuliaNet", "src\JuliaNet\JuliaNet.csproj", "{284A3BA4-4AF9-49DE-8DB2-41FF9AF741B6}"
EndProject
Project("{2150E333-8FDC-42A3-9474-1A3956D46DE8}") = "Solution Items", "Solution Items", "{9312D820-A1CE-43CC-8359-F95A02F485AB}"
	ProjectSection(SolutionItems) = preProject
		.editorconfig = .editorconfig
	EndProjectSection
EndProject
Global
	GlobalSection(SolutionConfigurationPlatforms) = preSolution
		Debug|Any CPU = Debug|Any CPU
		Release|Any CPU = Release|Any CPU
	EndGlobalSection
	GlobalSection(ProjectConfigurationPlatforms) = postSolution
		{284A3BA4-4AF9-49DE-8DB2-41FF9AF741B6}.Debug|Any CPU.ActiveCfg = Debug|Any CPU
		{284A3BA4-4AF9-49DE-8DB2-41FF9AF741B6}.Debug|Any CPU.Build.0 = Debug|Any CPU
		{284A3BA4-4AF9-49DE-8DB2-41FF9AF741B6}.Release|Any CPU.ActiveCfg = Release|Any CPU
		{284A3BA4-4AF9-49DE-8DB2-41FF9AF741B6}.Release|Any CPU.Build.0 = Release|Any CPU
	EndGlobalSection
	GlobalSection(SolutionProperties) = preSolution
		HideSolutionNode = FALSE
	EndGlobalSection
	GlobalSection(ExtensibilityGlobals) = postSolution
		SolutionGuid = {CD8BF398-37A4-43AD-9E91-F7B938208506}
	EndGlobalSection
EndGlobal
